
Microsoft Visual Studio Solution File, Format Version 10.00
# Visual Studio 2008
Project("{8BC9CEB8-8B4A-11D0-8D11-00A0C91BC942}") = "log", "log\log.vcproj", "{E9E6AA73-FA4E-4BF7-BABF-F106C882BA86}"
EndProject
Project("{8BC9CEB8-8B4A-11D0-8D11-00A0C91BC942}") = "queue", "queue\queue.vcproj", "{5FF38258-CA98-4FBB-800A-780700CB4B43}"
EndProject
Project("{8BC9CEB8-8B4A-11D0-8D11-00A0C91BC942}") = "stack", "stack\stack.vcproj", "{28742AE8-FF97-4968-BF77-75B76536EDA1}"
EndProject
Global
	GlobalSection(SolutionConfigurationPlatforms) = preSolution
		Debug|Win32 = Debug|Win32
		Release|Win32 = Release|Win32
	EndGlobalSection
	GlobalSection(ProjectConfigurationPlatforms) = postSolution
		{E9E6AA73-FA4E-4BF7-BABF-F106C882BA86}.Debug|Win32.ActiveCfg = Debug|Win32
		{E9E6AA73-FA4E-4BF7-BABF-F106C882BA86}.Debug|Win32.Build.0 = Debug|Win32
		{E9E6AA73-FA4E-4BF7-BABF-F106C882BA86}.Release|Win32.ActiveCfg = Release|Win32
		{E9E6AA73-FA4E-4BF7-BABF-F106C882BA86}.Release|Win32.Build.0 = Release|Win32
		{5FF38258-CA98-4FBB-800A-780700CB4B43}.Debug|Win32.ActiveCfg = Debug|Win32
		{5FF38258-CA98-4FBB-800A-780700CB4B43}.Debug|Win32.Build.0 = Debug|Win32
		{5FF38258-CA98-4FBB-800A-780700CB4B43}.Release|Win32.ActiveCfg = Release|Win32
		{5FF38258-CA98-4FBB-800A-780700CB4B43}.Release|Win32.Build.0 = Release|Win32
		{28742AE8-FF97-4968-BF77-75B76536EDA1}.Debug|Win32.ActiveCfg = Debug|Win32
		{28742AE8-FF97-4968-BF77-75B76536EDA1}.Debug|Win32.Build.0 = Debug|Win32
		{28742AE8-FF97-4968-BF77-75B76536EDA1}.Release|Win32.ActiveCfg = Release|Win32
		{28742AE8-FF97-4968-BF77-75B76536EDA1}.Release|Win32.Build.0 = Release|Win32
	EndGlobalSection
	GlobalSection(SolutionProperties) = preSolution
		HideSolutionNode = FALSE
	EndGlobalSection
EndGlobal
